
Microsoft Visual Studio Solution File, Format Version 12.00
# Visual Studio Version 17
VisualStudioVersion = 17.1.32228.430
MinimumVisualStudioVersion = 10.0.40219.1
Project("{FAE04EC0-301F-11D3-BF4B-00C04F79EFBC}") = "Thesis.Web", "Thesis.Web\Thesis.Web.csproj", "{6B57E8B2-0A03-4AB9-907E-42EF214561A8}"
EndProject
Project("{F184B08F-C81C-45F6-A57F-5ABD9991F28F}") = "WebSite", "WebSite\WebSite.vbproj", "{07A73292-44D3-4086-9216-09E33130925C}"
EndProject
Project("{9A19103F-16F7-4668-BE54-9A1E7A4F7556}") = "WebCore", "WebCore\WebCore.csproj", "{6D178D9E-6FB5-4552-AFD9-8619FB9D1075}"
EndProject
Project("{9A19103F-16F7-4668-BE54-9A1E7A4F7556}") = "PotentiostatApp", "PotentiostatApp\PotentiostatApp.csproj", "{2DD2EAC9-E1CC-4121-9432-736B6CF8799A}"
EndProject
Project("{9A19103F-16F7-4668-BE54-9A1E7A4F7556}") = "ThesisCore", "ThesisCore\ThesisCore.csproj", "{5985834D-ADD2-4CB8-AD37-4A3608F56581}"
EndProject
Project("{9A19103F-16F7-4668-BE54-9A1E7A4F7556}") = "WebThesis", "WebThesis\WebThesis.csproj", "{9A0A87E9-2F0B-4F72-ABCD-448CADBF3010}"
EndProject
Project("{9A19103F-16F7-4668-BE54-9A1E7A4F7556}") = "Potentiostat", "Potentiostat\Potentiostat.csproj", "{FA82294A-EFF3-4918-9990-85E838151065}"
EndProject
Project("{9A19103F-16F7-4668-BE54-9A1E7A4F7556}") = "Thesis.Models", "Thesis.Models\Thesis.Models.csproj", "{4CC39F86-0978-48B7-A0A9-42631F53B847}"
EndProject
Project("{9A19103F-16F7-4668-BE54-9A1E7A4F7556}") = "Thesis.Repository", "Thesis.Repository\Thesis.Repository.csproj", "{1106E3E2-CA75-41FE-B930-DF5FEB2046B0}"
EndProject
Project("{2150E333-8FDC-42A3-9474-1A3956D46DE8}") = "Thesis", "Thesis", "{3C66DE9D-B7F5-4A76-85FB-8D68D032DE78}"
EndProject
Project("{2150E333-8FDC-42A3-9474-1A3956D46DE8}") = "Other", "Other", "{8BA8367E-5600-4928-9F5D-F71D59BE1EBC}"
EndProject
Project("{FAE04EC0-301F-11D3-BF4B-00C04F79EFBC}") = "ThesisAPI", "ThesisAPI\ThesisAPI.csproj", "{3D395811-F359-4D9B-964C-7C88E65FD8A7}"
EndProject
Global
	GlobalSection(SolutionConfigurationPlatforms) = preSolution
		Debug|Any CPU = Debug|Any CPU
		Release|Any CPU = Release|Any CPU
	EndGlobalSection
	GlobalSection(ProjectConfigurationPlatforms) = postSolution
		{6B57E8B2-0A03-4AB9-907E-42EF214561A8}.Debug|Any CPU.ActiveCfg = Debug|Any CPU
		{6B57E8B2-0A03-4AB9-907E-42EF214561A8}.Debug|Any CPU.Build.0 = Debug|Any CPU
		{6B57E8B2-0A03-4AB9-907E-42EF214561A8}.Release|Any CPU.ActiveCfg = Release|Any CPU
		{6B57E8B2-0A03-4AB9-907E-42EF214561A8}.Release|Any CPU.Build.0 = Release|Any CPU
		{07A73292-44D3-4086-9216-09E33130925C}.Debug|Any CPU.ActiveCfg = Debug|Any CPU
		{07A73292-44D3-4086-9216-09E33130925C}.Debug|Any CPU.Build.0 = Debug|Any CPU
		{07A73292-44D3-4086-9216-09E33130925C}.Release|Any CPU.ActiveCfg = Release|Any CPU
		{07A73292-44D3-4086-9216-09E33130925C}.Release|Any CPU.Build.0 = Release|Any CPU
		{6D178D9E-6FB5-4552-AFD9-8619FB9D1075}.Debug|Any CPU.ActiveCfg = Debug|Any CPU
		{6D178D9E-6FB5-4552-AFD9-8619FB9D1075}.Debug|Any CPU.Build.0 = Debug|Any CPU
		{6D178D9E-6FB5-4552-AFD9-8619FB9D1075}.Release|Any CPU.ActiveCfg = Release|Any CPU
		{6D178D9E-6FB5-4552-AFD9-8619FB9D1075}.Release|Any CPU.Build.0 = Release|Any CPU
		{2DD2EAC9-E1CC-4121-9432-736B6CF8799A}.Debug|Any CPU.ActiveCfg = Debug|Any CPU
		{2DD2EAC9-E1CC-4121-9432-736B6CF8799A}.Debug|Any CPU.Build.0 = Debug|Any CPU
		{2DD2EAC9-E1CC-4121-9432-736B6CF8799A}.Release|Any CPU.ActiveCfg = Release|Any CPU
		{2DD2EAC9-E1CC-4121-9432-736B6CF8799A}.Release|Any CPU.Build.0 = Release|Any CPU
		{5985834D-ADD2-4CB8-AD37-4A3608F56581}.Debug|Any CPU.ActiveCfg = Debug|Any CPU
		{5985834D-ADD2-4CB8-AD37-4A3608F56581}.Debug|Any CPU.Build.0 = Debug|Any CPU
		{5985834D-ADD2-4CB8-AD37-4A3608F56581}.Release|Any CPU.ActiveCfg = Release|Any CPU
		{5985834D-ADD2-4CB8-AD37-4A3608F56581}.Release|Any CPU.Build.0 = Release|Any CPU
		{9A0A87E9-2F0B-4F72-ABCD-448CADBF3010}.Debug|Any CPU.ActiveCfg = Debug|Any CPU
		{9A0A87E9-2F0B-4F72-ABCD-448CADBF3010}.Debug|Any CPU.Build.0 = Debug|Any CPU
		{9A0A87E9-2F0B-4F72-ABCD-448CADBF3010}.Release|Any CPU.ActiveCfg = Release|Any CPU
		{9A0A87E9-2F0B-4F72-ABCD-448CADBF3010}.Release|Any CPU.Build.0 = Release|Any CPU
		{FA82294A-EFF3-4918-9990-85E838151065}.Debug|Any CPU.ActiveCfg = Debug|Any CPU
		{FA82294A-EFF3-4918-9990-85E838151065}.Debug|Any CPU.Build.0 = Debug|Any CPU
		{FA82294A-EFF3-4918-9990-85E838151065}.Release|Any CPU.ActiveCfg = Release|Any CPU
		{FA82294A-EFF3-4918-9990-85E838151065}.Release|Any CPU.Build.0 = Release|Any CPU
		{4CC39F86-0978-48B7-A0A9-42631F53B847}.Debug|Any CPU.ActiveCfg = Debug|Any CPU
		{4CC39F86-0978-48B7-A0A9-42631F53B847}.Debug|Any CPU.Build.0 = Debug|Any CPU
		{4CC39F86-0978-48B7-A0A9-42631F53B847}.Release|Any CPU.ActiveCfg = Release|Any CPU
		{4CC39F86-0978-48B7-A0A9-42631F53B847}.Release|Any CPU.Build.0 = Release|Any CPU
		{1106E3E2-CA75-41FE-B930-DF5FEB2046B0}.Debug|Any CPU.ActiveCfg = Debug|Any CPU
		{1106E3E2-CA75-41FE-B930-DF5FEB2046B0}.Debug|Any CPU.Build.0 = Debug|Any CPU
		{1106E3E2-CA75-41FE-B930-DF5FEB2046B0}.Release|Any CPU.ActiveCfg = Release|Any CPU
		{1106E3E2-CA75-41FE-B930-DF5FEB2046B0}.Release|Any CPU.Build.0 = Release|Any CPU
		{3D395811-F359-4D9B-964C-7C88E65FD8A7}.Debug|Any CPU.ActiveCfg = Debug|Any CPU
		{3D395811-F359-4D9B-964C-7C88E65FD8A7}.Debug|Any CPU.Build.0 = Debug|Any CPU
		{3D395811-F359-4D9B-964C-7C88E65FD8A7}.Release|Any CPU.ActiveCfg = Release|Any CPU
		{3D395811-F359-4D9B-964C-7C88E65FD8A7}.Release|Any CPU.Build.0 = Release|Any CPU
	EndGlobalSection
	GlobalSection(SolutionProperties) = preSolution
		HideSolutionNode = FALSE
	EndGlobalSection
	GlobalSection(NestedProjects) = preSolution
		{6B57E8B2-0A03-4AB9-907E-42EF214561A8} = {8BA8367E-5600-4928-9F5D-F71D59BE1EBC}
		{07A73292-44D3-4086-9216-09E33130925C} = {8BA8367E-5600-4928-9F5D-F71D59BE1EBC}
		{6D178D9E-6FB5-4552-AFD9-8619FB9D1075} = {8BA8367E-5600-4928-9F5D-F71D59BE1EBC}
		{2DD2EAC9-E1CC-4121-9432-736B6CF8799A} = {8BA8367E-5600-4928-9F5D-F71D59BE1EBC}
		{5985834D-ADD2-4CB8-AD37-4A3608F56581} = {8BA8367E-5600-4928-9F5D-F71D59BE1EBC}
		{9A0A87E9-2F0B-4F72-ABCD-448CADBF3010} = {8BA8367E-5600-4928-9F5D-F71D59BE1EBC}
		{FA82294A-EFF3-4918-9990-85E838151065} = {3C66DE9D-B7F5-4A76-85FB-8D68D032DE78}
		{4CC39F86-0978-48B7-A0A9-42631F53B847} = {3C66DE9D-B7F5-4A76-85FB-8D68D032DE78}
		{1106E3E2-CA75-41FE-B930-DF5FEB2046B0} = {3C66DE9D-B7F5-4A76-85FB-8D68D032DE78}
		{3D395811-F359-4D9B-964C-7C88E65FD8A7} = {3C66DE9D-B7F5-4A76-85FB-8D68D032DE78}
	EndGlobalSection
	GlobalSection(ExtensibilityGlobals) = postSolution
		SolutionGuid = {D805831E-EBB1-4F78-BEC1-8279AF3BCD32}
	EndGlobalSection
EndGlobal
